
Microsoft Visual Studio Solution File, Format Version 12.00
# Visual Studio Version 17
VisualStudioVersion = 17.4.33213.308
MinimumVisualStudioVersion = 10.0.40219.1
Project("{9A19103F-16F7-4668-BE54-9A1E7A4F7556}") = "RoutersTask", "RoutersTask.csproj", "{6FC09724-BB45-4340-9437-2FEB23C21B3F}"
EndProject
Project("{9A19103F-16F7-4668-BE54-9A1E7A4F7556}") = "Routers.Tests", "..\..\..\Routers\RoutersTask\RoutersTask.Tests\Routers.Tests.csproj", "{5222A34A-F6FB-4D1F-8184-22BFCCCAD511}"
EndProject
Global
	GlobalSection(SolutionConfigurationPlatforms) = preSolution
		Debug|Any CPU = Debug|Any CPU
		Release|Any CPU = Release|Any CPU
	EndGlobalSection
	GlobalSection(ProjectConfigurationPlatforms) = postSolution
		{6FC09724-BB45-4340-9437-2FEB23C21B3F}.Debug|Any CPU.ActiveCfg = Debug|Any CPU
		{6FC09724-BB45-4340-9437-2FEB23C21B3F}.Debug|Any CPU.Build.0 = Debug|Any CPU
		{6FC09724-BB45-4340-9437-2FEB23C21B3F}.Release|Any CPU.ActiveCfg = Release|Any CPU
		{6FC09724-BB45-4340-9437-2FEB23C21B3F}.Release|Any CPU.Build.0 = Release|Any CPU
		{5222A34A-F6FB-4D1F-8184-22BFCCCAD511}.Debug|Any CPU.ActiveCfg = Debug|Any CPU
		{5222A34A-F6FB-4D1F-8184-22BFCCCAD511}.Debug|Any CPU.Build.0 = Debug|Any CPU
		{5222A34A-F6FB-4D1F-8184-22BFCCCAD511}.Release|Any CPU.ActiveCfg = Release|Any CPU
		{5222A34A-F6FB-4D1F-8184-22BFCCCAD511}.Release|Any CPU.Build.0 = Release|Any CPU
	EndGlobalSection
	GlobalSection(SolutionProperties) = preSolution
		HideSolutionNode = FALSE
	EndGlobalSection
	GlobalSection(ExtensibilityGlobals) = postSolution
		SolutionGuid = {44788015-9327-4332-97D5-6BB7A9315195}
	EndGlobalSection
EndGlobal
