
Microsoft Visual Studio Solution File, Format Version 12.00
# Visual Studio Version 17
VisualStudioVersion = 17.4.33213.308
MinimumVisualStudioVersion = 10.0.40219.1
Project("{9A19103F-16F7-4668-BE54-9A1E7A4F7556}") = "RoutersTask", "RoutersTask.csproj", "{8E80DB5C-07A3-4F7E-ABA1-DAE2025090FC}"
EndProject
Project("{FAE04EC0-301F-11D3-BF4B-00C04F79EFBC}") = "Routers.Tests", "..\Routers.Tests\Routers.Tests.csproj", "{6DDD396B-BC43-4571-BE69-A4F6D90C00C2}"
EndProject
Global
	GlobalSection(SolutionConfigurationPlatforms) = preSolution
		Debug|Any CPU = Debug|Any CPU
		Release|Any CPU = Release|Any CPU
	EndGlobalSection
	GlobalSection(ProjectConfigurationPlatforms) = postSolution
		{8E80DB5C-07A3-4F7E-ABA1-DAE2025090FC}.Debug|Any CPU.ActiveCfg = Debug|Any CPU
		{8E80DB5C-07A3-4F7E-ABA1-DAE2025090FC}.Debug|Any CPU.Build.0 = Debug|Any CPU
		{8E80DB5C-07A3-4F7E-ABA1-DAE2025090FC}.Release|Any CPU.ActiveCfg = Release|Any CPU
		{8E80DB5C-07A3-4F7E-ABA1-DAE2025090FC}.Release|Any CPU.Build.0 = Release|Any CPU
		{6DDD396B-BC43-4571-BE69-A4F6D90C00C2}.Debug|Any CPU.ActiveCfg = Debug|Any CPU
		{6DDD396B-BC43-4571-BE69-A4F6D90C00C2}.Debug|Any CPU.Build.0 = Debug|Any CPU
		{6DDD396B-BC43-4571-BE69-A4F6D90C00C2}.Release|Any CPU.ActiveCfg = Release|Any CPU
		{6DDD396B-BC43-4571-BE69-A4F6D90C00C2}.Release|Any CPU.Build.0 = Release|Any CPU
	EndGlobalSection
	GlobalSection(SolutionProperties) = preSolution
		HideSolutionNode = FALSE
	EndGlobalSection
	GlobalSection(ExtensibilityGlobals) = postSolution
		SolutionGuid = {A6149BF9-5B1C-4594-8F97-9A0B325A8EE3}
	EndGlobalSection
EndGlobal
