
Microsoft Visual Studio Solution File, Format Version 12.00
# Visual Studio Version 17
VisualStudioVersion = 17.4.33213.308
MinimumVisualStudioVersion = 10.0.40219.1
Project("{9A19103F-16F7-4668-BE54-9A1E7A4F7556}") = "RoutersTask", "RoutersTask.csproj", "{819677D1-8667-48A1-97BE-7ECF514BB931}"
EndProject
Project("{9A19103F-16F7-4668-BE54-9A1E7A4F7556}") = "Routers.Tests", "..\RoutersTask.Tests\Routers.Tests.csproj", "{0C5381DB-065D-4D4B-BB43-3964D4B9EE3B}"
EndProject
Global
	GlobalSection(SolutionConfigurationPlatforms) = preSolution
		Debug|Any CPU = Debug|Any CPU
		Release|Any CPU = Release|Any CPU
	EndGlobalSection
	GlobalSection(ProjectConfigurationPlatforms) = postSolution
		{819677D1-8667-48A1-97BE-7ECF514BB931}.Debug|Any CPU.ActiveCfg = Debug|Any CPU
		{819677D1-8667-48A1-97BE-7ECF514BB931}.Debug|Any CPU.Build.0 = Debug|Any CPU
		{819677D1-8667-48A1-97BE-7ECF514BB931}.Release|Any CPU.ActiveCfg = Release|Any CPU
		{819677D1-8667-48A1-97BE-7ECF514BB931}.Release|Any CPU.Build.0 = Release|Any CPU
		{0C5381DB-065D-4D4B-BB43-3964D4B9EE3B}.Debug|Any CPU.ActiveCfg = Debug|Any CPU
		{0C5381DB-065D-4D4B-BB43-3964D4B9EE3B}.Debug|Any CPU.Build.0 = Debug|Any CPU
		{0C5381DB-065D-4D4B-BB43-3964D4B9EE3B}.Release|Any CPU.ActiveCfg = Release|Any CPU
		{0C5381DB-065D-4D4B-BB43-3964D4B9EE3B}.Release|Any CPU.Build.0 = Release|Any CPU
	EndGlobalSection
	GlobalSection(SolutionProperties) = preSolution
		HideSolutionNode = FALSE
	EndGlobalSection
	GlobalSection(ExtensibilityGlobals) = postSolution
		SolutionGuid = {0228C2AB-4F02-4DB2-B515-1983C139C094}
	EndGlobalSection
EndGlobal
